
Microsoft Visual Studio Solution File, Format Version 12.00
# Visual Studio Version 17
VisualStudioVersion = 17.7.34018.315
MinimumVisualStudioVersion = 10.0.40219.1
Project("{FAE04EC0-301F-11D3-BF4B-00C04F79EFBC}") = "WebApp1", "WebApp1\WebApp1.csproj", "{34351A28-F360-4637-81E8-3265A6DCE838}"
EndProject
Global
	GlobalSection(SolutionConfigurationPlatforms) = preSolution
		Debug|Any CPU = Debug|Any CPU
		Release|Any CPU = Release|Any CPU
	EndGlobalSection
	GlobalSection(ProjectConfigurationPlatforms) = postSolution
		{34351A28-F360-4637-81E8-3265A6DCE838}.Debug|Any CPU.ActiveCfg = Debug|Any CPU
		{34351A28-F360-4637-81E8-3265A6DCE838}.Debug|Any CPU.Build.0 = Debug|Any CPU
		{34351A28-F360-4637-81E8-3265A6DCE838}.Release|Any CPU.ActiveCfg = Release|Any CPU
		{34351A28-F360-4637-81E8-3265A6DCE838}.Release|Any CPU.Build.0 = Release|Any CPU
	EndGlobalSection
	GlobalSection(SolutionProperties) = preSolution
		HideSolutionNode = FALSE
	EndGlobalSection
	GlobalSection(ExtensibilityGlobals) = postSolution
		SolutionGuid = {00346F71-0A2A-4FEB-96E2-6A48A7238E5B}
	EndGlobalSection
EndGlobal
